{
  "name": "github_custom_action",
  "version": "1.0.0",
  "lockfileVersion": 2,
  "requires": true,
  "packages": {
    "": {
      "name": "github_custom_action",
      "version": "1.0.0",
      "license": "ISC",
      "dependencies": {
        "@vercel/ncc": "^0.33.1",
        "yarn": "^1.22.17"
      }
    },
    "node_modules/@vercel/ncc": {
      "version": "0.33.1",
      "resolved": "https://registry.npmjs.org/@vercel/ncc/-/ncc-0.33.1.tgz",
      "integrity": "sha512-Mlsps/P0PLZwsCFtSol23FGqT3FhBGb4B1AuGQ52JTAtXhak+b0Fh/4T55r0/SVQPeRiX9pNItOEHwakGPmZYA==",
      "bin": {
        "ncc": "dist/ncc/cli.js"
      }
    },
    "node_modules/yarn": {
      "version": "1.22.17",
      "resolved": "https://registry.npmjs.org/yarn/-/yarn-1.22.17.tgz",
      "integrity": "sha512-H0p241BXaH0UN9IeH//RT82tl5PfNraVpSpEoW+ET7lmopNC61eZ+A+IDvU8FM6Go5vx162SncDL8J1ZjRBriQ==",
      "hasInstallScript": true,
      "bin": {
        "yarn": "bin/yarn.js",
        "yarnpkg": "bin/yarn.js"
      },
      "engines": {
        "node": ">=4.0.0"
      }
    }
  },
  "dependencies": {
    "@vercel/ncc": {
      "version": "0.33.1",
      "resolved": "https://registry.npmjs.org/@vercel/ncc/-/ncc-0.33.1.tgz",
      "integrity": "sha512-Mlsps/P0PLZwsCFtSol23FGqT3FhBGb4B1AuGQ52JTAtXhak+b0Fh/4T55r0/SVQPeRiX9pNItOEHwakGPmZYA=="
    },
    "yarn": {
      "version": "1.22.17",
      "resolved": "https://registry.npmjs.org/yarn/-/yarn-1.22.17.tgz",
      "integrity": "sha512-H0p241BXaH0UN9IeH//RT82tl5PfNraVpSpEoW+ET7lmopNC61eZ+A+IDvU8FM6Go5vx162SncDL8J1ZjRBriQ=="
    }
  }
}
